dependencies:
  espressif/esp_lvgl_port:
    component_hash: b43dc04720d126cbfe14d53a84787e4c24b7bd7f15468e224c930ad3ffb32258
    dependencies:
    - name: idf
      require: private
      version: '>=4.4'
    - name: lvgl/lvgl
      registry_url: https://components.espressif.com
      require: public
      version: ^8
    source:
      registry_url: https://components.espressif.com/
      type: service
    version: 1.4.0
  espressif/ssd1306:
    component_hash: 102cfc05b1b304862fa3f494e9dd955844bcc5f6cb16596e4ca5df3e6bf9fd0d
    dependencies:
    - name: idf
      require: private
      version: '>=4.0'
    source:
      registry_url: https://components.espressif.com/
      type: service
    version: 1.0.5~1
  idf:
    source:
      type: idf
    version: 5.4.1
  lvgl/lvgl:
    component_hash: d7c1ac037ae6e85d94897f807d6e7ba0946a83e720074fc95a4f6241da9f9f53
    dependencies: []
    source:
      registry_url: https://components.espressif.com/
      type: service
    version: 8.4.0
direct_dependencies:
- espressif/esp_lvgl_port
- espressif/ssd1306
- idf
- lvgl/lvgl
manifest_hash: 77b5d006bcd164f8dc20563b23cbd2f5452d82720c45d6a3766a2d216ab9144b
target: esp32
version: 2.0.0
